
Microsoft Visual Studio Solution File, Format Version 12.00
# Visual Studio 15
VisualStudioVersion = 15.0.26124.0
MinimumVisualStudioVersion = 15.0.26124.0
Project("{9A19103F-16F7-4668-BE54-9A1E7A4F7556}") = "SDDev.Net.GenericRepository", "SDDev.Net.GenericRepository\SDDev.Net.GenericRepository.csproj", "{6083D5C2-00D9-4098-B80F-5550600489DC}"
EndProject
Project("{9A19103F-16F7-4668-BE54-9A1E7A4F7556}") = "SDDev.Net.GenericRepository.Contracts", "SDDev.Net.GenericRepository.Contracts\SDDev.Net.GenericRepository.Contracts.csproj", "{5CEFC341-8399-419C-8498-D0D70185231F}"
EndProject
Project("{9A19103F-16F7-4668-BE54-9A1E7A4F7556}") = "SDDev.Net.GenericRepository.Example", "SDDev.Net.GenericRepository.Example\SDDev.Net.GenericRepository.Example.csproj", "{01E8FF24-19F1-489C-8F68-D0CB7C584916}"
EndProject
Project("{9A19103F-16F7-4668-BE54-9A1E7A4F7556}") = "SDDev.Net.GenericRepository.Tests", "SDDev.Net.GenericRepository.Tests\SDDev.Net.GenericRepository.Tests.csproj", "{BF30FB75-781E-4E66-AC49-8EEEB6335A74}"
EndProject
Global
	GlobalSection(SolutionConfigurationPlatforms) = preSolution
		Debug|Any CPU = Debug|Any CPU
		Debug|x64 = Debug|x64
		Debug|x86 = Debug|x86
		Release|Any CPU = Release|Any CPU
		Release|x64 = Release|x64
		Release|x86 = Release|x86
	EndGlobalSection
	GlobalSection(ProjectConfigurationPlatforms) = postSolution
		{6083D5C2-00D9-4098-B80F-5550600489DC}.Debug|Any CPU.ActiveCfg = Debug|Any CPU
		{6083D5C2-00D9-4098-B80F-5550600489DC}.Debug|Any CPU.Build.0 = Debug|Any CPU
		{6083D5C2-00D9-4098-B80F-5550600489DC}.Debug|x64.ActiveCfg = Debug|Any CPU
		{6083D5C2-00D9-4098-B80F-5550600489DC}.Debug|x64.Build.0 = Debug|Any CPU
		{6083D5C2-00D9-4098-B80F-5550600489DC}.Debug|x86.ActiveCfg = Debug|Any CPU
		{6083D5C2-00D9-4098-B80F-5550600489DC}.Debug|x86.Build.0 = Debug|Any CPU
		{6083D5C2-00D9-4098-B80F-5550600489DC}.Release|Any CPU.ActiveCfg = Release|Any CPU
		{6083D5C2-00D9-4098-B80F-5550600489DC}.Release|Any CPU.Build.0 = Release|Any CPU
		{6083D5C2-00D9-4098-B80F-5550600489DC}.Release|x64.ActiveCfg = Release|Any CPU
		{6083D5C2-00D9-4098-B80F-5550600489DC}.Release|x64.Build.0 = Release|Any CPU
		{6083D5C2-00D9-4098-B80F-5550600489DC}.Release|x86.ActiveCfg = Release|Any CPU
		{6083D5C2-00D9-4098-B80F-5550600489DC}.Release|x86.Build.0 = Release|Any CPU
		{5CEFC341-8399-419C-8498-D0D70185231F}.Debug|Any CPU.ActiveCfg = Debug|Any CPU
		{5CEFC341-8399-419C-8498-D0D70185231F}.Debug|Any CPU.Build.0 = Debug|Any CPU
		{5CEFC341-8399-419C-8498-D0D70185231F}.Debug|x64.ActiveCfg = Debug|Any CPU
		{5CEFC341-8399-419C-8498-D0D70185231F}.Debug|x64.Build.0 = Debug|Any CPU
		{5CEFC341-8399-419C-8498-D0D70185231F}.Debug|x86.ActiveCfg = Debug|Any CPU
		{5CEFC341-8399-419C-8498-D0D70185231F}.Debug|x86.Build.0 = Debug|Any CPU
		{5CEFC341-8399-419C-8498-D0D70185231F}.Release|Any CPU.ActiveCfg = Release|Any CPU
		{5CEFC341-8399-419C-8498-D0D70185231F}.Release|Any CPU.Build.0 = Release|Any CPU
		{5CEFC341-8399-419C-8498-D0D70185231F}.Release|x64.ActiveCfg = Release|Any CPU
		{5CEFC341-8399-419C-8498-D0D70185231F}.Release|x64.Build.0 = Release|Any CPU
		{5CEFC341-8399-419C-8498-D0D70185231F}.Release|x86.ActiveCfg = Release|Any CPU
		{5CEFC341-8399-419C-8498-D0D70185231F}.Release|x86.Build.0 = Release|Any CPU
		{01E8FF24-19F1-489C-8F68-D0CB7C584916}.Debug|Any CPU.ActiveCfg = Debug|Any CPU
		{01E8FF24-19F1-489C-8F68-D0CB7C584916}.Debug|Any CPU.Build.0 = Debug|Any CPU
		{01E8FF24-19F1-489C-8F68-D0CB7C584916}.Debug|x64.ActiveCfg = Debug|Any CPU
		{01E8FF24-19F1-489C-8F68-D0CB7C584916}.Debug|x64.Build.0 = Debug|Any CPU
		{01E8FF24-19F1-489C-8F68-D0CB7C584916}.Debug|x86.ActiveCfg = Debug|Any CPU
		{01E8FF24-19F1-489C-8F68-D0CB7C584916}.Debug|x86.Build.0 = Debug|Any CPU
		{01E8FF24-19F1-489C-8F68-D0CB7C584916}.Release|Any CPU.ActiveCfg = Release|Any CPU
		{01E8FF24-19F1-489C-8F68-D0CB7C584916}.Release|Any CPU.Build.0 = Release|Any CPU
		{01E8FF24-19F1-489C-8F68-D0CB7C584916}.Release|x64.ActiveCfg = Release|Any CPU
		{01E8FF24-19F1-489C-8F68-D0CB7C584916}.Release|x64.Build.0 = Release|Any CPU
		{01E8FF24-19F1-489C-8F68-D0CB7C584916}.Release|x86.ActiveCfg = Release|Any CPU
		{01E8FF24-19F1-489C-8F68-D0CB7C584916}.Release|x86.Build.0 = Release|Any CPU
		{BF30FB75-781E-4E66-AC49-8EEEB6335A74}.Debug|Any CPU.ActiveCfg = Debug|Any CPU
		{BF30FB75-781E-4E66-AC49-8EEEB6335A74}.Debug|Any CPU.Build.0 = Debug|Any CPU
		{BF30FB75-781E-4E66-AC49-8EEEB6335A74}.Debug|x64.ActiveCfg = Debug|Any CPU
		{BF30FB75-781E-4E66-AC49-8EEEB6335A74}.Debug|x64.Build.0 = Debug|Any CPU
		{BF30FB75-781E-4E66-AC49-8EEEB6335A74}.Debug|x86.ActiveCfg = Debug|Any CPU
		{BF30FB75-781E-4E66-AC49-8EEEB6335A74}.Debug|x86.Build.0 = Debug|Any CPU
		{BF30FB75-781E-4E66-AC49-8EEEB6335A74}.Release|Any CPU.ActiveCfg = Release|Any CPU
		{BF30FB75-781E-4E66-AC49-8EEEB6335A74}.Release|Any CPU.Build.0 = Release|Any CPU
		{BF30FB75-781E-4E66-AC49-8EEEB6335A74}.Release|x64.ActiveCfg = Release|Any CPU
		{BF30FB75-781E-4E66-AC49-8EEEB6335A74}.Release|x64.Build.0 = Release|Any CPU
		{BF30FB75-781E-4E66-AC49-8EEEB6335A74}.Release|x86.ActiveCfg = Release|Any CPU
		{BF30FB75-781E-4E66-AC49-8EEEB6335A74}.Release|x86.Build.0 = Release|Any CPU
	EndGlobalSection
	GlobalSection(SolutionProperties) = preSolution
		HideSolutionNode = FALSE
	EndGlobalSection
	GlobalSection(ExtensibilityGlobals) = postSolution
		SolutionGuid = {4ABE601F-A5C3-458E-B61B-B023CF96913E}
	EndGlobalSection
EndGlobal
